
Microsoft Visual Studio Solution File, Format Version 12.00
# Visual Studio Version 17
VisualStudioVersion = 17.12.35707.178
MinimumVisualStudioVersion = 10.0.40219.1
Project("{FAE04EC0-301F-11D3-BF4B-00C04F79EFBC}") = "Streambit.Catalog.Api", "Streambit.Catalog\Streambit.Catalog.Api.csproj", "{A2BD5077-155C-4A01-A4D9-E13320E7DC7B}"
EndProject
Project("{FAE04EC0-301F-11D3-BF4B-00C04F79EFBC}") = "Streambit.Catalog.Application", "Streambit.Catalog.Application\Streambit.Catalog.Application.csproj", "{DC96EFF8-A00D-4FBC-8C75-1CDE2E0EF2AD}"
EndProject
Project("{FAE04EC0-301F-11D3-BF4B-00C04F79EFBC}") = "Streambit.Catalog.Dal", "Streambit.Catalog.Dal\Streambit.Catalog.Dal.csproj", "{14FCAD0E-C9CF-42C8-85F6-A4095C269A55}"
EndProject
Project("{FAE04EC0-301F-11D3-BF4B-00C04F79EFBC}") = "Streambit.Catalog.Domain", "Streambit.Catalog.Domain\Streambit.Catalog.Domain.csproj", "{C7E141D9-76F1-48AE-8CC8-C53F419C53FF}"
EndProject
Project("{FAE04EC0-301F-11D3-BF4B-00C04F79EFBC}") = "Streambit.Catalog.Contracts", "Streambit.Catalog.Contracts\Streambit.Catalog.Contracts.csproj", "{9B63956F-C6EF-4871-9F3D-931811ADD04C}"
EndProject
Global
	GlobalSection(SolutionConfigurationPlatforms) = preSolution
		Debug|Any CPU = Debug|Any CPU
		Release|Any CPU = Release|Any CPU
	EndGlobalSection
	GlobalSection(ProjectConfigurationPlatforms) = postSolution
		{A2BD5077-155C-4A01-A4D9-E13320E7DC7B}.Debug|Any CPU.ActiveCfg = Debug|Any CPU
		{A2BD5077-155C-4A01-A4D9-E13320E7DC7B}.Debug|Any CPU.Build.0 = Debug|Any CPU
		{A2BD5077-155C-4A01-A4D9-E13320E7DC7B}.Release|Any CPU.ActiveCfg = Release|Any CPU
		{A2BD5077-155C-4A01-A4D9-E13320E7DC7B}.Release|Any CPU.Build.0 = Release|Any CPU
		{DC96EFF8-A00D-4FBC-8C75-1CDE2E0EF2AD}.Debug|Any CPU.ActiveCfg = Debug|Any CPU
		{DC96EFF8-A00D-4FBC-8C75-1CDE2E0EF2AD}.Debug|Any CPU.Build.0 = Debug|Any CPU
		{DC96EFF8-A00D-4FBC-8C75-1CDE2E0EF2AD}.Release|Any CPU.ActiveCfg = Release|Any CPU
		{DC96EFF8-A00D-4FBC-8C75-1CDE2E0EF2AD}.Release|Any CPU.Build.0 = Release|Any CPU
		{14FCAD0E-C9CF-42C8-85F6-A4095C269A55}.Debug|Any CPU.ActiveCfg = Debug|Any CPU
		{14FCAD0E-C9CF-42C8-85F6-A4095C269A55}.Debug|Any CPU.Build.0 = Debug|Any CPU
		{14FCAD0E-C9CF-42C8-85F6-A4095C269A55}.Release|Any CPU.ActiveCfg = Release|Any CPU
		{14FCAD0E-C9CF-42C8-85F6-A4095C269A55}.Release|Any CPU.Build.0 = Release|Any CPU
		{C7E141D9-76F1-48AE-8CC8-C53F419C53FF}.Debug|Any CPU.ActiveCfg = Debug|Any CPU
		{C7E141D9-76F1-48AE-8CC8-C53F419C53FF}.Debug|Any CPU.Build.0 = Debug|Any CPU
		{C7E141D9-76F1-48AE-8CC8-C53F419C53FF}.Release|Any CPU.ActiveCfg = Release|Any CPU
		{C7E141D9-76F1-48AE-8CC8-C53F419C53FF}.Release|Any CPU.Build.0 = Release|Any CPU
		{9B63956F-C6EF-4871-9F3D-931811ADD04C}.Debug|Any CPU.ActiveCfg = Debug|Any CPU
		{9B63956F-C6EF-4871-9F3D-931811ADD04C}.Debug|Any CPU.Build.0 = Debug|Any CPU
		{9B63956F-C6EF-4871-9F3D-931811ADD04C}.Release|Any CPU.ActiveCfg = Release|Any CPU
		{9B63956F-C6EF-4871-9F3D-931811ADD04C}.Release|Any CPU.Build.0 = Release|Any CPU
	EndGlobalSection
	GlobalSection(SolutionProperties) = preSolution
		HideSolutionNode = FALSE
	EndGlobalSection
EndGlobal
